{
  "version": 4,
  "terraform_version": "1.2.5",
  "serial": 23,
  "lineage": "03162258-0642-47a2-8786-74955332a422",
  "outputs": {
    "rstudio_ip": {
      "value": "35.193.253.21",
      "type": "string"
    }
  },
  "resources": [
    {
      "mode": "managed",
      "type": "google_compute_firewall",
      "name": "rstudio_firewll",
      "provider": "provider[\"registry.terraform.io/hashicorp/google\"]",
      "instances": [
        {
          "schema_version": 1,
          "attributes": {
            "allow": [
              {
                "ports": [
                  "80",
                  "443",
                  "8787",
                  "22"
                ],
                "protocol": "tcp"
              }
            ],
            "creation_timestamp": "2022-07-13T20:02:46.638-07:00",
            "deny": [],
            "description": "",
            "destination_ranges": [],
            "direction": "INGRESS",
            "disabled": false,
            "enable_logging": null,
            "id": "projects/haas-jupyter-jub/global/firewalls/jupyter-firewall",
            "log_config": [],
            "name": "jupyter-firewall",
            "network": "https://www.googleapis.com/compute/v1/projects/haas-jupyter-jub/global/networks/rstudio-network",
            "priority": 1000,
            "project": "haas-jupyter-jub",
            "self_link": "https://www.googleapis.com/compute/v1/projects/haas-jupyter-jub/global/firewalls/jupyter-firewall",
            "source_ranges": [
              "0.0.0.0/0"
            ],
            "source_service_accounts": [],
            "source_tags": [],
            "target_service_accounts": [],
            "target_tags": [
              "rstudio-firewall"
            ],
            "timeouts": null
          },
          "sensitive_attributes": [],
          "private": "eyJlMmJmYjczMC1lY2FhLTExZTYtOGY4OC0zNDM2M2JjN2M0YzAiOnsiY3JlYXRlIjoyNDAwMDAwMDAwMDAsImRlbGV0ZSI6MjQwMDAwMDAwMDAwLCJ1cGRhdGUiOjI0MDAwMDAwMDAwMH0sInNjaGVtYV92ZXJzaW9uIjoiMSJ9",
          "dependencies": [
            "google_compute_network.rstudio_network"
          ]
        }
      ]
    },
    {
      "mode": "managed",
      "type": "google_compute_instance",
      "name": "rstudio",
      "provider": "provider[\"registry.terraform.io/hashicorp/google\"]",
      "instances": [
        {
          "schema_version": 6,
          "attributes": {
            "allow_stopping_for_update": null,
            "attached_disk": [],
            "boot_disk": [
              {
                "auto_delete": true,
                "device_name": "persistent-disk-0",
                "disk_encryption_key_raw": "",
                "disk_encryption_key_sha256": "",
                "initialize_params": [
                  {
                    "image": "https://www.googleapis.com/compute/v1/projects/ubuntu-os-cloud/global/images/ubuntu-2110-impish-v20220309",
                    "labels": {},
                    "size": 40,
                    "type": "pd-standard"
                  }
                ],
                "kms_key_self_link": "",
                "mode": "READ_WRITE",
                "source": "https://www.googleapis.com/compute/v1/projects/haas-jupyter-jub/zones/us-central1-c/disks/rstudio-5a5622b5"
              }
            ],
            "can_ip_forward": false,
            "confidential_instance_config": [],
            "cpu_platform": "Intel Broadwell",
            "current_status": "RUNNING",
            "deletion_protection": false,
            "description": "",
            "desired_status": null,
            "enable_display": false,
            "guest_accelerator": [],
            "hostname": "",
            "id": "projects/haas-jupyter-jub/zones/us-central1-c/instances/rstudio-5a5622b5",
            "instance_id": "8016015677517346257",
            "label_fingerprint": "42WmSpB8rSM=",
            "labels": null,
            "machine_type": "e2-standard-2",
            "metadata": null,
            "metadata_fingerprint": "vQSK0fSjuGA=",
            "metadata_startup_script": "#!/usr/bin/env bash\n\n# Based on http://cran.rstudio.com/bin/linux/ubuntu/\n\n# print commands and their expanded arguments\nset -x\n\nDOMAIN=haastech.org\nADMIN_EMAIL=tony_cricelli@berkeley.edu\n\napt-get update\n\n# install two helper packages we need\napt install -y --no-install-recommends software-properties-common dirmngr git nginx\n\n# add the signing key (by Michael Rutter) for these repos\n# To verify key, run gpg --show-keys /etc/apt/trusted.gpg.d/cran_ubuntu_key.asc \n# Fingerprint: 298A3A825C0D65DFD57CBB651716619E084DAB9\nwget -qO- https://cloud.r-project.org/bin/linux/ubuntu/marutter_pubkey.asc | sudo tee -a /etc/apt/trusted.gpg.d/cran_ubuntu_key.asc\n\n# add the R 4.0 repo from CRAN \nadd-apt-repository \"deb https://cloud.r-project.org/bin/linux/ubuntu $(lsb_release -cs)-cran40/\"\n\n# Finally, install R\napt-get install -y --no-install-recommends r-base\n\n# Install rstudio\napt-get install gdebi-core\nwget https://download2.rstudio.org/server/bionic/amd64/rstudio-server-2022.02.2-485-amd64.deb\ngdebi -n rstudio-server-2022.02.2-485-amd64.deb\n\n# install certbot so we can roll a SSL cert:\nsnap install core\nsnap refresh core\nsnap install --classic certbot\nln -s /snap/bin/certbot /usr/bin/certbot\n# stop nginx, otherwise it's using port 80\nservice nginx stop\n\n# now run certbot\ncertbot certonly -n --agree-tos --email $ADMIN_EMAIL --standalone --domains $DOMAIN\n\n# The location of the files created by certbot:\nSSL_CERT=/etc/letsencrypt/live/$DOMAIN/fullchain.pem\nSSL_CERT_KEY=/etc/letsencrypt/live/$DOMAIN/privkey.pem\n\n# Removing the existing default conf and create an nginx conf file\nrm /etc/nginx/sites-enabled/default\ncat \u003e /etc/nginx/sites-enabled/rstudio.conf \u003c\u003cEOF\n\nmap \\$http_upgrade \\$connection_upgrade {\n  default upgrade;\n  ''        close;\n}\n\nserver {\n  listen 80 default_server;\n  listen [::]:80 default_server;\n  server_name _;\n  return 301 https://\\$host\\$request_uri;\n}\n\nserver {\n\n  listen                    443 ssl;\n  server_name               $DOMAIN;\n  ssl_certificate         $SSL_CERT;\n  ssl_certificate_key $SSL_CERT_KEY;\n\n  location /rstudio/ {    \n      rewrite ^/rstudio/(.*)\\$ /\\$1 break;\n      proxy_pass http://localhost:8787;\n      proxy_redirect http://localhost:8787/ \\$scheme://\\$host/rstudio/;\n      proxy_http_version 1.1;\n      proxy_set_header Upgrade \\$http_upgrade;\n      proxy_set_header Connection \\$connection_upgrade;\n      proxy_read_timeout 20d;\n      proxy_set_header X-Forwarded-Host \\$host;\n  }\n}\nEOF\n\nservice nginx restart\n\n# clone this repo so we have any helper scripts (e.g. add_users.sh) available if we SSH onto the VM\n# for creation of users and other management.\ncd /opt\ngit clone https://github.com/HSPH-QBRC/rstudio-terraform.git",
            "min_cpu_platform": "",
            "name": "rstudio-5a5622b5",
            "network_interface": [
              {
                "access_config": [
                  {
                    "nat_ip": "35.193.253.21",
                    "network_tier": "PREMIUM",
                    "public_ptr_domain_name": ""
                  }
                ],
                "alias_ip_range": [],
                "name": "nic0",
                "network": "https://www.googleapis.com/compute/v1/projects/haas-jupyter-jub/global/networks/rstudio-network",
                "network_ip": "10.128.0.4",
                "nic_type": "",
                "subnetwork": "https://www.googleapis.com/compute/v1/projects/haas-jupyter-jub/regions/us-central1/subnetworks/rstudio-network",
                "subnetwork_project": "haas-jupyter-jub"
              }
            ],
            "project": "haas-jupyter-jub",
            "resource_policies": null,
            "scheduling": [
              {
                "automatic_restart": true,
                "node_affinities": [],
                "on_host_maintenance": "MIGRATE",
                "preemptible": false
              }
            ],
            "scratch_disk": [],
            "self_link": "https://www.googleapis.com/compute/v1/projects/haas-jupyter-jub/zones/us-central1-c/instances/rstudio-5a5622b5",
            "service_account": [],
            "shielded_instance_config": [
              {
                "enable_integrity_monitoring": true,
                "enable_secure_boot": false,
                "enable_vtpm": true
              }
            ],
            "tags": [
              "rstudio-firewall"
            ],
            "tags_fingerprint": "HDB1kUjNXqE=",
            "timeouts": null,
            "zone": "us-central1-c"
          },
          "sensitive_attributes": [],
          "private": "eyJlMmJmYjczMC1lY2FhLTExZTYtOGY4OC0zNDM2M2JjN2M0YzAiOnsiY3JlYXRlIjoxMjAwMDAwMDAwMDAwLCJkZWxldGUiOjEyMDAwMDAwMDAwMDAsInVwZGF0ZSI6MTIwMDAwMDAwMDAwMH0sInNjaGVtYV92ZXJzaW9uIjoiNiJ9",
          "dependencies": [
            "google_compute_network.rstudio_network",
            "random_id.instance_name_suffix"
          ]
        }
      ]
    },
    {
      "mode": "managed",
      "type": "google_compute_network",
      "name": "rstudio_network",
      "provider": "provider[\"registry.terraform.io/hashicorp/google\"]",
      "instances": [
        {
          "schema_version": 0,
          "attributes": {
            "auto_create_subnetworks": true,
            "delete_default_routes_on_create": false,
            "description": "",
            "gateway_ipv4": "",
            "id": "projects/haas-jupyter-jub/global/networks/rstudio-network",
            "mtu": 0,
            "name": "rstudio-network",
            "project": "haas-jupyter-jub",
            "routing_mode": "REGIONAL",
            "self_link": "https://www.googleapis.com/compute/v1/projects/haas-jupyter-jub/global/networks/rstudio-network",
            "timeouts": null
          },
          "sensitive_attributes": [],
          "private": "eyJlMmJmYjczMC1lY2FhLTExZTYtOGY4OC0zNDM2M2JjN2M0YzAiOnsiY3JlYXRlIjoyNDAwMDAwMDAwMDAsImRlbGV0ZSI6MjQwMDAwMDAwMDAwLCJ1cGRhdGUiOjI0MDAwMDAwMDAwMH19"
        }
      ]
    },
    {
      "mode": "managed",
      "type": "random_id",
      "name": "instance_name_suffix",
      "provider": "provider[\"registry.terraform.io/hashicorp/random\"]",
      "instances": [
        {
          "schema_version": 0,
          "attributes": {
            "b64_std": "WlYitQ==",
            "b64_url": "WlYitQ",
            "byte_length": 4,
            "dec": "1515594421",
            "hex": "5a5622b5",
            "id": "WlYitQ",
            "keepers": null,
            "prefix": null
          },
          "sensitive_attributes": [],
          "private": "bnVsbA=="
        }
      ]
    }
  ]
}
